// !$*UTF8*$!
{
	archiveVersion = 1;
	classes = {
	};
	objectVersion = 46;
	objects = {

/* Begin PBXBuildFile section */
		3BDA9FE4366E4EB921391BC3 /* libPods-Rotten Tomatoes.a in Frameworks */ = {isa = PBXBuildFile; fileRef = E83CE33229057D2C85BC28C3 /* libPods-Rotten Tomatoes.a */; };
		EF6A15E01B2EE4260055752A /* AppDelegate.swift in Sources */ = {isa = PBXBuildFile; fileRef = EF6A15DF1B2EE4260055752A /* AppDelegate.swift */; };
		EF6A15E51B2EE4260055752A /* Main.storyboard in Resources */ = {isa = PBXBuildFile; fileRef = EF6A15E31B2EE4260055752A /* Main.storyboard */; };
		EF6A15E71B2EE4260055752A /* Images.xcassets in Resources */ = {isa = PBXBuildFile; fileRef = EF6A15E61B2EE4260055752A /* Images.xcassets */; };
		EF6A15EA1B2EE4260055752A /* LaunchScreen.xib in Resources */ = {isa = PBXBuildFile; fileRef = EF6A15E81B2EE4260055752A /* LaunchScreen.xib */; };
		EF6A15F61B2EE4270055752A /* Rotten_TomatoesTests.swift in Sources */ = {isa = PBXBuildFile; fileRef = EF6A15F51B2EE4270055752A /* Rotten_TomatoesTests.swift */; };
		EF6A16011B2EE5AE0055752A /* MoviesViewController.swift in Sources */ = {isa = PBXBuildFile; fileRef = EF6A16001B2EE5AE0055752A /* MoviesViewController.swift */; };
		EF6A16041B2EF4980055752A /* MovieCell.swift in Sources */ = {isa = PBXBuildFile; fileRef = EF6A16031B2EF4980055752A /* MovieCell.swift */; };
		EF6A160B1B2FB3320055752A /* MovieDetailsViewController.swift in Sources */ = {isa = PBXBuildFile; fileRef = EF6A160A1B2FB3320055752A /* MovieDetailsViewController.swift */; };
/* End PBXBuildFile section */

/* Begin PBXContainerItemProxy section */
		EF6A15F01B2EE4270055752A /* PBXContainerItemProxy */ = {
			isa = PBXContainerItemProxy;
			containerPortal = EF6A15D21B2EE4260055752A /* Project object */;
			proxyType = 1;
			remoteGlobalIDString = EF6A15D91B2EE4260055752A;
			remoteInfo = "Rotten Tomatoes";
		};
/* End PBXContainerItemProxy section */

/* Begin PBXFileReference section */
		11DD764D72EED59BD900314E /* Pods-Rotten Tomatoes.release.xcconfig */ = {isa = PBXFileReference; includeInIndex = 1; lastKnownFileType = text.xcconfig; name = "Pods-Rotten Tomatoes.release.xcconfig"; path = "Pods/Target Support Files/Pods-Rotten Tomatoes/Pods-Rotten Tomatoes.release.xcconfig"; sourceTree = "<group>"; };
		E83CE33229057D2C85BC28C3 /* libPods-Rotten Tomatoes.a */ = {isa = PBXFileReference; explicitFileType = archive.ar; includeInIndex = 0; path = "libPods-Rotten Tomatoes.a"; sourceTree = BUILT_PRODUCTS_DIR; };
		EE04EBDB3AFE49570F7A4AF9 /* Pods-Rotten Tomatoes.debug.xcconfig */ = {isa = PBXFileReference; includeInIndex = 1; lastKnownFileType = text.xcconfig; name = "Pods-Rotten Tomatoes.debug.xcconfig"; path = "Pods/Target Support Files/Pods-Rotten Tomatoes/Pods-Rotten Tomatoes.debug.xcconfig"; sourceTree = "<group>"; };
		EF6A15DA1B2EE4260055752A /* Rotten Tomatoes.app */ = {isa = PBXFileReference; explicitFileType = wrapper.application; includeInIndex = 0; path = "Rotten Tomatoes.app"; sourceTree = BUILT_PRODUCTS_DIR; };
		EF6A15DE1B2EE4260055752A /* Info.plist */ = {isa = PBXFileReference; lastKnownFileType = text.plist.xml; path = Info.plist; sourceTree = "<group>"; };
		EF6A15DF1B2EE4260055752A /* AppDelegate.swift */ = {isa = PBXFileReference; lastKnownFileType = sourcecode.swift; path = AppDelegate.swift; sourceTree = "<group>"; };
		EF6A15E41B2EE4260055752A /* Base */ = {isa = PBXFileReference; lastKnownFileType = file.storyboard; name = Base; path = Base.lproj/Main.storyboard; sourceTree = "<group>"; };
		EF6A15E61B2EE4260055752A /* Images.xcassets */ = {isa = PBXFileReference; lastKnownFileType = folder.assetcatalog; path = Images.xcassets; sourceTree = "<group>"; };
		EF6A15E91B2EE4260055752A /* Base */ = {isa = PBXFileReference; lastKnownFileType = file.xib; name = Base; path = Base.lproj/LaunchScreen.xib; sourceTree = "<group>"; };
		EF6A15EF1B2EE4270055752A /* Rotten TomatoesTests.xctest */ = {isa = PBXFileReference; explicitFileType = wrapper.cfbundle; includeInIndex = 0; path = "Rotten TomatoesTests.xctest"; sourceTree = BUILT_PRODUCTS_DIR; };
		EF6A15F41B2EE4270055752A /* Info.plist */ = {isa = PBXFileReference; lastKnownFileType = text.plist.xml; path = Info.plist; sourceTree = "<group>"; };
		EF6A15F51B2EE4270055752A /* Rotten_TomatoesTests.swift */ = {isa = PBXFileReference; lastKnownFileType = sourcecode.swift; name = Rotten_TomatoesTests.swift; path = "Rotten TomatoesTests/Rotten_TomatoesTests.swift"; sourceTree = SOURCE_ROOT; };
		EF6A16001B2EE5AE0055752A /* MoviesViewController.swift */ = {isa = PBXFileReference; fileEncoding = 4; lastKnownFileType = sourcecode.swift; path = MoviesViewController.swift; sourceTree = "<group>"; };
		EF6A16031B2EF4980055752A /* MovieCell.swift */ = {isa = PBXFileReference; fileEncoding = 4; lastKnownFileType = sourcecode.swift; path = MovieCell.swift; sourceTree = "<group>"; };
		EF6A16051B2FAFA60055752A /* Rotten Tomatoes-Bridging-Header.h */ = {isa = PBXFileReference; lastKnownFileType = sourcecode.c.h; path = "Rotten Tomatoes-Bridging-Header.h"; sourceTree = "<group>"; };
		EF6A160A1B2FB3320055752A /* MovieDetailsViewController.swift */ = {isa = PBXFileReference; fileEncoding = 4; lastKnownFileType = sourcecode.swift; path = MovieDetailsViewController.swift; sourceTree = "<group>"; };
/* End PBXFileReference section */

/* Begin PBXFrameworksBuildPhase section */
		EF6A15D71B2EE4260055752A /* Frameworks */ = {
			isa = PBXFrameworksBuildPhase;
			buildActionMask = 2147483647;
			files = (
				3BDA9FE4366E4EB921391BC3 /* libPods-Rotten Tomatoes.a in Frameworks */,
			);
			runOnlyForDeploymentPostprocessing = 0;
		};
		EF6A15EC1B2EE4270055752A /* Frameworks */ = {
			isa = PBXFrameworksBuildPhase;
			buildActionMask = 2147483647;
			files = (
			);
			runOnlyForDeploymentPostprocessing = 0;
		};
/* End PBXFrameworksBuildPhase section */

/* Begin PBXGroup section */
		507446B5ABE5FAD608CF95BB /* Pods */ = {
			isa = PBXGroup;
			children = (
				EE04EBDB3AFE49570F7A4AF9 /* Pods-Rotten Tomatoes.debug.xcconfig */,
				11DD764D72EED59BD900314E /* Pods-Rotten Tomatoes.release.xcconfig */,
			);
			name = Pods;
			sourceTree = "<group>";
		};
		8434616B7746AFB46F7BB9F8 /* Frameworks */ = {
			isa = PBXGroup;
			children = (
				E83CE33229057D2C85BC28C3 /* libPods-Rotten Tomatoes.a */,
			);
			name = Frameworks;
			sourceTree = "<group>";
		};
		EF6A15D11B2EE4260055752A = {
			isa = PBXGroup;
			children = (
				EF6A15DC1B2EE4260055752A /* Rotten Tomatoes */,
				EF6A15F21B2EE4270055752A /* Rotten TomatoesTests */,
				EF6A15DB1B2EE4260055752A /* Products */,
				507446B5ABE5FAD608CF95BB /* Pods */,
				8434616B7746AFB46F7BB9F8 /* Frameworks */,
			);
			sourceTree = "<group>";
		};
		EF6A15DB1B2EE4260055752A /* Products */ = {
			isa = PBXGroup;
			children = (
				EF6A15DA1B2EE4260055752A /* Rotten Tomatoes.app */,
				EF6A15EF1B2EE4270055752A /* Rotten TomatoesTests.xctest */,
			);
			name = Products;
			sourceTree = "<group>";
		};
		EF6A15DC1B2EE4260055752A /* Rotten Tomatoes */ = {
			isa = PBXGroup;
			children = (
				EF6A16021B2EF4600055752A /* Views */,
				EF6A15FF1B2EE5480055752A /* View Controllers */,
				EF6A15DF1B2EE4260055752A /* AppDelegate.swift */,
				EF6A15E31B2EE4260055752A /* Main.storyboard */,
				EF6A15E61B2EE4260055752A /* Images.xcassets */,
				EF6A15E81B2EE4260055752A /* LaunchScreen.xib */,
				EF6A15DD1B2EE4260055752A /* Supporting Files */,
				EF6A16051B2FAFA60055752A /* Rotten Tomatoes-Bridging-Header.h */,
			);
			path = "Rotten Tomatoes";
			sourceTree = "<group>";
		};
		EF6A15DD1B2EE4260055752A /* Supporting Files */ = {
			isa = PBXGroup;
			children = (
				EF6A15DE1B2EE4260055752A /* Info.plist */,
			);
			name = "Supporting Files";
			sourceTree = "<group>";
		};
		EF6A15F21B2EE4270055752A /* Rotten TomatoesTests */ = {
			isa = PBXGroup;
			children = (
				EF6A15F51B2EE4270055752A /* Rotten_TomatoesTests.swift */,
				EF6A15F31B2EE4270055752A /* Supporting Files */,
			);
			path = "Rotten TomatoesTests";
			sourceTree = "<group>";
		};
		EF6A15F31B2EE4270055752A /* Supporting Files */ = {
			isa = PBXGroup;
			children = (
				EF6A15F41B2EE4270055752A /* Info.plist */,
			);
			name = "Supporting Files";
			sourceTree = "<group>";
		};
		EF6A15FF1B2EE5480055752A /* View Controllers */ = {
			isa = PBXGroup;
			children = (
				EF6A16001B2EE5AE0055752A /* MoviesViewController.swift */,
				EF6A160A1B2FB3320055752A /* MovieDetailsViewController.swift */,
			);
			name = "View Controllers";
			sourceTree = "<group>";
		};
		EF6A16021B2EF4600055752A /* Views */ = {
			isa = PBXGroup;
			children = (
				EF6A16031B2EF4980055752A /* MovieCell.swift */,
			);
			name = Views;
			sourceTree = "<group>";
		};
/* End PBXGroup section */

/* Begin PBXNativeTarget section */
		EF6A15D91B2EE4260055752A /* Rotten Tomatoes */ = {
			isa = PBXNativeTarget;
			buildConfigurationList = EF6A15F91B2EE4270055752A /* Build configuration list for PBXNativeTarget "Rotten Tomatoes" */;
			buildPhases = (
				CAF66FC232BCFBAE993C2294 /* Check Pods Manifest.lock */,
				EF6A15D61B2EE4260055752A /* Sources */,
				EF6A15D71B2EE4260055752A /* Frameworks */,
				EF6A15D81B2EE4260055752A /* Resources */,
				D06CA46672D0B1F5545CB937 /* Copy Pods Resources */,
			);
			buildRules = (
			);
			dependencies = (
			);
			name = "Rotten Tomatoes";
			productName = "Rotten Tomatoes";
			productReference = EF6A15DA1B2EE4260055752A /* Rotten Tomatoes.app */;
			productType = "com.apple.product-type.application";
		};
		EF6A15EE1B2EE4270055752A /* Rotten TomatoesTests */ = {
			isa = PBXNativeTarget;
			buildConfigurationList = EF6A15FC1B2EE4270055752A /* Build configuration list for PBXNativeTarget "Rotten TomatoesTests" */;
			buildPhases = (
				EF6A15EB1B2EE4270055752A /* Sources */,
				EF6A15EC1B2EE4270055752A /* Frameworks */,
				EF6A15ED1B2EE4270055752A /* Resources */,
			);
			buildRules = (
			);
			dependencies = (
				EF6A15F11B2EE4270055752A /* PBXTargetDependency */,
			);
			name = "Rotten TomatoesTests";
			productName = "Rotten TomatoesTests";
			productReference = EF6A15EF1B2EE4270055752A /* Rotten TomatoesTests.xctest */;
			productType = "com.apple.product-type.bundle.unit-test";
		};
/* End PBXNativeTarget section */

/* Begin PBXProject section */
		EF6A15D21B2EE4260055752A /* Project object */ = {
			isa = PBXProject;
			attributes = {
				LastUpgradeCheck = 0630;
				ORGANIZATIONNAME = "Y.CORP.YAHOO.COM\\timlee";
				TargetAttributes = {
					EF6A15D91B2EE4260055752A = {
						CreatedOnToolsVersion = 6.3.2;
					};
					EF6A15EE1B2EE4270055752A = {
						CreatedOnToolsVersion = 6.3.2;
						TestTargetID = EF6A15D91B2EE4260055752A;
					};
				};
			};
			buildConfigurationList = EF6A15D51B2EE4260055752A /* Build configuration list for PBXProject "Rotten Tomatoes" */;
			compatibilityVersion = "Xcode 3.2";
			developmentRegion = English;
			hasScannedForEncodings = 0;
			knownRegions = (
				en,
				Base,
			);
			mainGroup = EF6A15D11B2EE4260055752A;
			productRefGroup = EF6A15DB1B2EE4260055752A /* Products */;
			projectDirPath = "";
			projectRoot = "";
			targets = (
				EF6A15D91B2EE4260055752A /* Rotten Tomatoes */,
				EF6A15EE1B2EE4270055752A /* Rotten TomatoesTests */,
			);
		};
/* End PBXProject section */

/* Begin PBXResourcesBuildPhase section */
		EF6A15D81B2EE4260055752A /* Resources */ = {
			isa = PBXResourcesBuildPhase;
			buildActionMask = 2147483647;
			files = (
				EF6A15E51B2EE4260055752A /* Main.storyboard in Resources */,
				EF6A15EA1B2EE4260055752A /* LaunchScreen.xib in Resources */,
				EF6A15E71B2EE4260055752A /* Images.xcassets in Resources */,
			);
			runOnlyForDeploymentPostprocessing = 0;
		};
		EF6A15ED1B2EE4270055752A /* Resources */ = {
			isa = PBXResourcesBuildPhase;
			buildActionMask = 2147483647;
			files = (
			);
			runOnlyForDeploymentPostprocessing = 0;
		};
/* End PBXResourcesBuildPhase section */

/* Begin PBXShellScriptBuildPhase section */
		CAF66FC232BCFBAE993C2294 /* Check Pods Manifest.lock */ = {
			isa = PBXShellScriptBuildPhase;
			buildActionMask = 2147483647;
			files = (
			);
			inputPaths = (
			);
			name = "Check Pods Manifest.lock";
			outputPaths = (
			);
			runOnlyForDeploymentPostprocessing = 0;
			shellPath = /bin/sh;
			shellScript = "diff \"${PODS_ROOT}/../Podfile.lock\" \"${PODS_ROOT}/Manifest.lock\" > /dev/null\nif [[ $? != 0 ]] ; then\n    cat << EOM\nerror: The sandbox is not in sync with the Podfile.lock. Run 'pod install' or update your CocoaPods installation.\nEOM\n    exit 1\nfi\n";
			showEnvVarsInLog = 0;
		};
		D06CA46672D0B1F5545CB937 /* Copy Pods Resources */ = {
			isa = PBXShellScriptBuildPhase;
			buildActionMask = 2147483647;
			files = (
			);
			inputPaths = (
			);
			name = "Copy Pods Resources";
			outputPaths = (
			);
			runOnlyForDeploymentPostprocessing = 0;
			shellPath = /bin/sh;
			shellScript = "\"${SRCROOT}/Pods/Target Support Files/Pods-Rotten Tomatoes/Pods-Rotten Tomatoes-resources.sh\"\n";
			showEnvVarsInLog = 0;
		};
/* End PBXShellScriptBuildPhase section */

/* Begin PBXSourcesBuildPhase section */
		EF6A15D61B2EE4260055752A /* Sources */ = {
			isa = PBXSourcesBuildPhase;
			buildActionMask = 2147483647;
			files = (
				EF6A160B1B2FB3320055752A /* MovieDetailsViewController.swift in Sources */,
				EF6A15E01B2EE4260055752A /* AppDelegate.swift in Sources */,
				EF6A16011B2EE5AE0055752A /* MoviesViewController.swift in Sources */,
				EF6A16041B2EF4980055752A /* MovieCell.swift in Sources */,
			);
			runOnlyForDeploymentPostprocessing = 0;
		};
		EF6A15EB1B2EE4270055752A /* Sources */ = {
			isa = PBXSourcesBuildPhase;
			buildActionMask = 2147483647;
			files = (
				EF6A15F61B2EE4270055752A /* Rotten_TomatoesTests.swift in Sources */,
			);
			runOnlyForDeploymentPostprocessing = 0;
		};
/* End PBXSourcesBuildPhase section */

/* Begin PBXTargetDependency section */
		EF6A15F11B2EE4270055752A /* PBXTargetDependency */ = {
			isa = PBXTargetDependency;
			target = EF6A15D91B2EE4260055752A /* Rotten Tomatoes */;
			targetProxy = EF6A15F01B2EE4270055752A /* PBXContainerItemProxy */;
		};
/* End PBXTargetDependency section */

/* Begin PBXVariantGroup section */
		EF6A15E31B2EE4260055752A /* Main.storyboard */ = {
			isa = PBXVariantGroup;
			children = (
				EF6A15E41B2EE4260055752A /* Base */,
			);
			name = Main.storyboard;
			sourceTree = "<group>";
		};
		EF6A15E81B2EE4260055752A /* LaunchScreen.xib */ = {
			isa = PBXVariantGroup;
			children = (
				EF6A15E91B2EE4260055752A /* Base */,
			);
			name = LaunchScreen.xib;
			sourceTree = "<group>";
		};
/* End PBXVariantGroup section */

/* Begin XCBuildConfiguration section */
		EF6A15F71B2EE4270055752A /* Debug */ = {
			isa = XCBuildConfiguration;
			buildSettings = {
				ALWAYS_SEARCH_USER_PATHS = NO;
				CLANG_CXX_LANGUAGE_STANDARD = "gnu++0x";
				CLANG_CXX_LIBRARY = "libc++";
				CLANG_ENABLE_MODULES = YES;
				CLANG_ENABLE_OBJC_ARC = YES;
				CLANG_WARN_BOOL_CONVERSION = YES;
				CLANG_WARN_CONSTANT_CONVERSION = YES;
				CLANG_WARN_DIRECT_OBJC_ISA_USAGE = YES_ERROR;
				CLANG_WARN_EMPTY_BODY = YES;
				CLANG_WARN_ENUM_CONVERSION = YES;
				CLANG_WARN_INT_CONVERSION = YES;
				CLANG_WARN_OBJC_ROOT_CLASS = YES_ERROR;
				CLANG_WARN_UNREACHABLE_CODE = YES;
				CLANG_WARN__DUPLICATE_METHOD_MATCH = YES;
				"CODE_SIGN_IDENTITY[sdk=iphoneos*]" = "iPhone Developer";
				COPY_PHASE_STRIP = NO;
				DEBUG_INFORMATION_FORMAT = "dwarf-with-dsym";
				ENABLE_STRICT_OBJC_MSGSEND = YES;
				GCC_C_LANGUAGE_STANDARD = gnu99;
				GCC_DYNAMIC_NO_PIC = NO;
				GCC_NO_COMMON_BLOCKS = YES;
				GCC_OPTIMIZATION_LEVEL = 0;
				GCC_PREPROCESSOR_DEFINITIONS = (
					"DEBUG=1",
					"$(inherited)",
				);
				GCC_SYMBOLS_PRIVATE_EXTERN = NO;
				GCC_WARN_64_TO_32_BIT_CONVERSION = YES;
				GCC_WARN_ABOUT_RETURN_TYPE = YES_ERROR;
				GCC_WARN_UNDECLARED_SELECTOR = YES;
				GCC_WARN_UNINITIALIZED_AUTOS = YES_AGGRESSIVE;
				GCC_WARN_UNUSED_FUNCTION = YES;
				GCC_WARN_UNUSED_VARIABLE = YES;
				IPHONEOS_DEPLOYMENT_TARGET = 8.3;
				MTL_ENABLE_DEBUG_INFO = YES;
				ONLY_ACTIVE_ARCH = YES;
				SDKROOT = iphoneos;
				SWIFT_OPTIMIZATION_LEVEL = "-Onone";
			};
			name = Debug;
		};
		EF6A15F81B2EE4270055752A /* Release */ = {
			isa = XCBuildConfiguration;
			buildSettings = {
				ALWAYS_SEARCH_USER_PATHS = NO;
				CLANG_CXX_LANGUAGE_STANDARD = "gnu++0x";
				CLANG_CXX_LIBRARY = "libc++";
				CLANG_ENABLE_MODULES = YES;
				CLANG_ENABLE_OBJC_ARC = YES;
				CLANG_WARN_BOOL_CONVERSION = YES;
				CLANG_WARN_CONSTANT_CONVERSION = YES;
				CLANG_WARN_DIRECT_OBJC_ISA_USAGE = YES_ERROR;
				CLANG_WARN_EMPTY_BODY = YES;
				CLANG_WARN_ENUM_CONVERSION = YES;
				CLANG_WARN_INT_CONVERSION = YES;
				CLANG_WARN_OBJC_ROOT_CLASS = YES_ERROR;
				CLANG_WARN_UNREACHABLE_CODE = YES;
				CLANG_WARN__DUPLICATE_METHOD_MATCH = YES;
				"CODE_SIGN_IDENTITY[sdk=iphoneos*]" = "iPhone Developer";
				COPY_PHASE_STRIP = NO;
				DEBUG_INFORMATION_FORMAT = "dwarf-with-dsym";
				ENABLE_NS_ASSERTIONS = NO;
				ENABLE_STRICT_OBJC_MSGSEND = YES;
				GCC_C_LANGUAGE_STANDARD = gnu99;
				GCC_NO_COMMON_BLOCKS = YES;
				GCC_WARN_64_TO_32_BIT_CONVERSION = YES;
				GCC_WARN_ABOUT_RETURN_TYPE = YES_ERROR;
				GCC_WARN_UNDECLARED_SELECTOR = YES;
				GCC_WARN_UNINITIALIZED_AUTOS = YES_AGGRESSIVE;
				GCC_WARN_UNUSED_FUNCTION = YES;
				GCC_WARN_UNUSED_VARIABLE = YES;
				IPHONEOS_DEPLOYMENT_TARGET = 8.3;
				MTL_ENABLE_DEBUG_INFO = NO;
				SDKROOT = iphoneos;
				VALIDATE_PRODUCT = YES;
			};
			name = Release;
		};
		EF6A15FA1B2EE4270055752A /* Debug */ = {
			isa = XCBuildConfiguration;
			baseConfigurationReference = EE04EBDB3AFE49570F7A4AF9 /* Pods-Rotten Tomatoes.debug.xcconfig */;
			buildSettings = {
				ASSETCATALOG_COMPILER_APPICON_NAME = AppIcon;
				CLANG_ENABLE_MODULES = YES;
				INFOPLIST_FILE = "Rotten Tomatoes/Info.plist";
				LD_RUNPATH_SEARCH_PATHS = "$(inherited) @executable_path/Frameworks";
				PRODUCT_NAME = "$(TARGET_NAME)";
				SWIFT_OBJC_BRIDGING_HEADER = "Rotten Tomatoes/Rotten Tomatoes-Bridging-Header.h";
				SWIFT_OPTIMIZATION_LEVEL = "-Onone";
			};
			name = Debug;
		};
		EF6A15FB1B2EE4270055752A /* Release */ = {
			isa = XCBuildConfiguration;
			baseConfigurationReference = 11DD764D72EED59BD900314E /* Pods-Rotten Tomatoes.release.xcconfig */;
			buildSettings = {
				ASSETCATALOG_COMPILER_APPICON_NAME = AppIcon;
				CLANG_ENABLE_MODULES = YES;
				INFOPLIST_FILE = "Rotten Tomatoes/Info.plist";
				LD_RUNPATH_SEARCH_PATHS = "$(inherited) @executable_path/Frameworks";
				PRODUCT_NAME = "$(TARGET_NAME)";
				SWIFT_OBJC_BRIDGING_HEADER = "Rotten Tomatoes/Rotten Tomatoes-Bridging-Header.h";
			};
			name = Release;
		};
		EF6A15FD1B2EE4270055752A /* Debug */ = {
			isa = XCBuildConfiguration;
			buildSettings = {
				BUNDLE_LOADER = "$(TEST_HOST)";
				FRAMEWORK_SEARCH_PATHS = (
					"$(SDKROOT)/Developer/Library/Frameworks",
					"$(inherited)",
				);
				GCC_PREPROCESSOR_DEFINITIONS = (
					"DEBUG=1",
					"$(inherited)",
				);
				INFOPLIST_FILE = "Rotten TomatoesTests/Info.plist";
				LD_RUNPATH_SEARCH_PATHS = "$(inherited) @executable_path/Frameworks @loader_path/Frameworks";
				PRODUCT_NAME = "$(TARGET_NAME)";
				TEST_HOST = "$(BUILT_PRODUCTS_DIR)/Rotten Tomatoes.app/Rotten Tomatoes";
			};
			name = Debug;
		};
		EF6A15FE1B2EE4270055752A /* Release */ = {
			isa = XCBuildConfiguration;
			buildSettings = {
				BUNDLE_LOADER = "$(TEST_HOST)";
				FRAMEWORK_SEARCH_PATHS = (
					"$(SDKROOT)/Developer/Library/Frameworks",
					"$(inherited)",
				);
				INFOPLIST_FILE = "Rotten TomatoesTests/Info.plist";
				LD_RUNPATH_SEARCH_PATHS = "$(inherited) @executable_path/Frameworks @loader_path/Frameworks";
				PRODUCT_NAME = "$(TARGET_NAME)";
				TEST_HOST = "$(BUILT_PRODUCTS_DIR)/Rotten Tomatoes.app/Rotten Tomatoes";
			};
			name = Release;
		};
/* End XCBuildConfiguration section */

/* Begin XCConfigurationList section */
		EF6A15D51B2EE4260055752A /* Build configuration list for PBXProject "Rotten Tomatoes" */ = {
			isa = XCConfigurationList;
			buildConfigurations = (
				EF6A15F71B2EE4270055752A /* Debug */,
				EF6A15F81B2EE4270055752A /* Release */,
			);
			defaultConfigurationIsVisible = 0;
			defaultConfigurationName = Release;
		};
		EF6A15F91B2EE4270055752A /* Build configuration list for PBXNativeTarget "Rotten Tomatoes" */ = {
			isa = XCConfigurationList;
			buildConfigurations = (
				EF6A15FA1B2EE4270055752A /* Debug */,
				EF6A15FB1B2EE4270055752A /* Release */,
			);
			defaultConfigurationIsVisible = 0;
			defaultConfigurationName = Release;
		};
		EF6A15FC1B2EE4270055752A /* Build configuration list for PBXNativeTarget "Rotten TomatoesTests" */ = {
			isa = XCConfigurationList;
			buildConfigurations = (
				EF6A15FD1B2EE4270055752A /* Debug */,
				EF6A15FE1B2EE4270055752A /* Release */,
			);
			defaultConfigurationIsVisible = 0;
			defaultConfigurationName = Release;
		};
/* End XCConfigurationList section */
	};
	rootObject = EF6A15D21B2EE4260055752A /* Project object */;
}
